
Microsoft Visual Studio Solution File, Format Version 12.00
Project("{FAE04EC0-301F-11D3-BF4B-00C04F79EFBC}") = "Array", "Array\Array.csproj", "{BAB6F345-9D16-487A-9954-9E1ECA3B7A8F}"
EndProject
Global
	GlobalSection(SolutionConfigurationPlatforms) = preSolution
		Debug|Any CPU = Debug|Any CPU
		Release|Any CPU = Release|Any CPU
	EndGlobalSection
	GlobalSection(ProjectConfigurationPlatforms) = postSolution
		{BAB6F345-9D16-487A-9954-9E1ECA3B7A8F}.Debug|Any CPU.ActiveCfg = Debug|Any CPU
		{BAB6F345-9D16-487A-9954-9E1ECA3B7A8F}.Debug|Any CPU.Build.0 = Debug|Any CPU
		{BAB6F345-9D16-487A-9954-9E1ECA3B7A8F}.Release|Any CPU.ActiveCfg = Release|Any CPU
		{BAB6F345-9D16-487A-9954-9E1ECA3B7A8F}.Release|Any CPU.Build.0 = Release|Any CPU
	EndGlobalSection
EndGlobal
